
Microsoft Visual Studio Solution File, Format Version 12.00
# Visual Studio Version 16
VisualStudioVersion = 16.0.30717.126
MinimumVisualStudioVersion = 10.0.40219.1
Project("{9A19103F-16F7-4668-BE54-9A1E7A4F7556}") = "Demo4.Server", "Demo4\Server\Demo4.Server.csproj", "{0B97E31F-4A71-4FD3-8168-6A4606AF02CF}"
EndProject
Project("{9A19103F-16F7-4668-BE54-9A1E7A4F7556}") = "Demo4.Client", "Demo4\Client\Demo4.Client.csproj", "{6CF43AC1-161A-4E1D-9221-9F0AD1A35DEE}"
EndProject
Project("{9A19103F-16F7-4668-BE54-9A1E7A4F7556}") = "Demo4.Shared", "Demo4\Shared\Demo4.Shared.csproj", "{E6026724-5636-48E9-A053-0745A7BE6AB7}"
EndProject
Global
	GlobalSection(SolutionConfigurationPlatforms) = preSolution
		Debug|Any CPU = Debug|Any CPU
		Release|Any CPU = Release|Any CPU
	EndGlobalSection
	GlobalSection(ProjectConfigurationPlatforms) = postSolution
		{0B97E31F-4A71-4FD3-8168-6A4606AF02CF}.Debug|Any CPU.ActiveCfg = Debug|Any CPU
		{0B97E31F-4A71-4FD3-8168-6A4606AF02CF}.Debug|Any CPU.Build.0 = Debug|Any CPU
		{0B97E31F-4A71-4FD3-8168-6A4606AF02CF}.Release|Any CPU.ActiveCfg = Release|Any CPU
		{0B97E31F-4A71-4FD3-8168-6A4606AF02CF}.Release|Any CPU.Build.0 = Release|Any CPU
		{6CF43AC1-161A-4E1D-9221-9F0AD1A35DEE}.Debug|Any CPU.ActiveCfg = Debug|Any CPU
		{6CF43AC1-161A-4E1D-9221-9F0AD1A35DEE}.Debug|Any CPU.Build.0 = Debug|Any CPU
		{6CF43AC1-161A-4E1D-9221-9F0AD1A35DEE}.Release|Any CPU.ActiveCfg = Release|Any CPU
		{6CF43AC1-161A-4E1D-9221-9F0AD1A35DEE}.Release|Any CPU.Build.0 = Release|Any CPU
		{E6026724-5636-48E9-A053-0745A7BE6AB7}.Debug|Any CPU.ActiveCfg = Debug|Any CPU
		{E6026724-5636-48E9-A053-0745A7BE6AB7}.Debug|Any CPU.Build.0 = Debug|Any CPU
		{E6026724-5636-48E9-A053-0745A7BE6AB7}.Release|Any CPU.ActiveCfg = Release|Any CPU
		{E6026724-5636-48E9-A053-0745A7BE6AB7}.Release|Any CPU.Build.0 = Release|Any CPU
	EndGlobalSection
	GlobalSection(SolutionProperties) = preSolution
		HideSolutionNode = FALSE
	EndGlobalSection
	GlobalSection(ExtensibilityGlobals) = postSolution
		SolutionGuid = {4AE3DA08-A931-4B2C-8B5B-A5E400FFEA5E}
	EndGlobalSection
EndGlobal
