
Microsoft Visual Studio Solution File, Format Version 12.00
# Visual Studio Version 16
VisualStudioVersion = 16.0.30711.63
MinimumVisualStudioVersion = 10.0.40219.1
Project("{FAE04EC0-301F-11D3-BF4B-00C04F79EFBC}") = "Demo1.Server", "Demo1\Server\Demo1.Server.csproj", "{B73B20F4-9F19-4CFD-A0D9-996C5B707506}"
EndProject
Project("{FAE04EC0-301F-11D3-BF4B-00C04F79EFBC}") = "Demo1.Client", "Demo1\Client\Demo1.Client.csproj", "{9C8A6CEE-4300-47CB-9038-DF800FE2BB20}"
EndProject
Project("{FAE04EC0-301F-11D3-BF4B-00C04F79EFBC}") = "Demo1.Shared", "Demo1\Shared\Demo1.Shared.csproj", "{DDD214AC-08AF-4561-84EB-961D9A3CAC22}"
EndProject
Project("{2150E333-8FDC-42A3-9474-1A3956D46DE8}") = "Solution Items", "Solution Items", "{5F266445-B9F4-4BC3-BC67-F9D608849700}"
	ProjectSection(SolutionItems) = preProject
		Demo1.md = Demo1.md
	EndProjectSection
EndProject
Global
	GlobalSection(SolutionConfigurationPlatforms) = preSolution
		Debug|Any CPU = Debug|Any CPU
		Release|Any CPU = Release|Any CPU
	EndGlobalSection
	GlobalSection(ProjectConfigurationPlatforms) = postSolution
		{B73B20F4-9F19-4CFD-A0D9-996C5B707506}.Debug|Any CPU.ActiveCfg = Debug|Any CPU
		{B73B20F4-9F19-4CFD-A0D9-996C5B707506}.Debug|Any CPU.Build.0 = Debug|Any CPU
		{B73B20F4-9F19-4CFD-A0D9-996C5B707506}.Release|Any CPU.ActiveCfg = Release|Any CPU
		{B73B20F4-9F19-4CFD-A0D9-996C5B707506}.Release|Any CPU.Build.0 = Release|Any CPU
		{9C8A6CEE-4300-47CB-9038-DF800FE2BB20}.Debug|Any CPU.ActiveCfg = Debug|Any CPU
		{9C8A6CEE-4300-47CB-9038-DF800FE2BB20}.Debug|Any CPU.Build.0 = Debug|Any CPU
		{9C8A6CEE-4300-47CB-9038-DF800FE2BB20}.Release|Any CPU.ActiveCfg = Release|Any CPU
		{9C8A6CEE-4300-47CB-9038-DF800FE2BB20}.Release|Any CPU.Build.0 = Release|Any CPU
		{DDD214AC-08AF-4561-84EB-961D9A3CAC22}.Debug|Any CPU.ActiveCfg = Debug|Any CPU
		{DDD214AC-08AF-4561-84EB-961D9A3CAC22}.Debug|Any CPU.Build.0 = Debug|Any CPU
		{DDD214AC-08AF-4561-84EB-961D9A3CAC22}.Release|Any CPU.ActiveCfg = Release|Any CPU
		{DDD214AC-08AF-4561-84EB-961D9A3CAC22}.Release|Any CPU.Build.0 = Release|Any CPU
	EndGlobalSection
	GlobalSection(SolutionProperties) = preSolution
		HideSolutionNode = FALSE
	EndGlobalSection
	GlobalSection(ExtensibilityGlobals) = postSolution
		SolutionGuid = {0CD2AAD8-1191-4333-A46D-E468054C5A2B}
	EndGlobalSection
EndGlobal
